
Microsoft Visual Studio Solution File, Format Version 12.00
# Visual Studio Version 16
VisualStudioVersion = 16.0.30104.148
MinimumVisualStudioVersion = 10.0.40219.1
Project("{FAE04EC0-301F-11D3-BF4B-00C04F79EFBC}") = "FeedbackAPI.Web", "FeedbackAPI.Web\FeedbackAPI.Web.csproj", "{E563D257-96E7-4B8B-B5F2-00D21DC818BA}"
EndProject
Project("{FAE04EC0-301F-11D3-BF4B-00C04F79EFBC}") = "FeedbackAPI.Data", "FeedbackAPI.Data\FeedbackAPI.Data.csproj", "{179B33EC-3F33-4939-B6C0-276ABEE72502}"
EndProject
Global
	GlobalSection(SolutionConfigurationPlatforms) = preSolution
		Debug|Any CPU = Debug|Any CPU
		Release|Any CPU = Release|Any CPU
	EndGlobalSection
	GlobalSection(ProjectConfigurationPlatforms) = postSolution
		{E563D257-96E7-4B8B-B5F2-00D21DC818BA}.Debug|Any CPU.ActiveCfg = Debug|Any CPU
		{E563D257-96E7-4B8B-B5F2-00D21DC818BA}.Debug|Any CPU.Build.0 = Debug|Any CPU
		{E563D257-96E7-4B8B-B5F2-00D21DC818BA}.Release|Any CPU.ActiveCfg = Release|Any CPU
		{E563D257-96E7-4B8B-B5F2-00D21DC818BA}.Release|Any CPU.Build.0 = Release|Any CPU
		{179B33EC-3F33-4939-B6C0-276ABEE72502}.Debug|Any CPU.ActiveCfg = Debug|Any CPU
		{179B33EC-3F33-4939-B6C0-276ABEE72502}.Debug|Any CPU.Build.0 = Debug|Any CPU
		{179B33EC-3F33-4939-B6C0-276ABEE72502}.Release|Any CPU.ActiveCfg = Release|Any CPU
		{179B33EC-3F33-4939-B6C0-276ABEE72502}.Release|Any CPU.Build.0 = Release|Any CPU
	EndGlobalSection
	GlobalSection(SolutionProperties) = preSolution
		HideSolutionNode = FALSE
	EndGlobalSection
	GlobalSection(ExtensibilityGlobals) = postSolution
		SolutionGuid = {E53F72DD-BE1F-490A-9A13-A6599E882CD5}
	EndGlobalSection
EndGlobal
